
Microsoft Visual Studio Solution File, Format Version 12.00
# Visual Studio 2013
VisualStudioVersion = 12.0.40629.0
MinimumVisualStudioVersion = 10.0.40219.1
Project("{FAE04EC0-301F-11D3-BF4B-00C04F79EFBC}") = "EstaEscrito", "EstaEscrito\EstaEscrito\EstaEscrito.csproj", "{BABF3522-0B26-4E9E-9CBC-40EE42495BA9}"
EndProject
Project("{FAE04EC0-301F-11D3-BF4B-00C04F79EFBC}") = "EstaEscrito.iOS", "EstaEscrito\EstaEscrito.iOS\EstaEscrito.iOS.csproj", "{B6A686E6-397D-4BE5-842B-65F1D0F7A59B}"
EndProject
Project("{FAE04EC0-301F-11D3-BF4B-00C04F79EFBC}") = "EstaEscrito.Droid", "EstaEscrito\EstaEscrito.Droid\EstaEscrito.Droid.csproj", "{FD44C45F-5B98-48C7-9662-3EBD78A7E139}"
EndProject
Project("{FAE04EC0-301F-11D3-BF4B-00C04F79EFBC}") = "EstaEscrito.WinPhone", "EstaEscrito\EstaEscrito.WinPhone\EstaEscrito.WinPhone.csproj", "{EEEE2CBB-130C-4F46-B119-47C688A377F2}"
EndProject
Global
	GlobalSection(SolutionConfigurationPlatforms) = preSolution
		Ad-Hoc|Any CPU = Ad-Hoc|Any CPU
		Ad-Hoc|ARM = Ad-Hoc|ARM
		Ad-Hoc|iPhone = Ad-Hoc|iPhone
		Ad-Hoc|iPhoneSimulator = Ad-Hoc|iPhoneSimulator
		Ad-Hoc|Mixed Platforms = Ad-Hoc|Mixed Platforms
		Ad-Hoc|x86 = Ad-Hoc|x86
		AppStore|Any CPU = AppStore|Any CPU
		AppStore|ARM = AppStore|ARM
		AppStore|iPhone = AppStore|iPhone
		AppStore|iPhoneSimulator = AppStore|iPhoneSimulator
		AppStore|Mixed Platforms = AppStore|Mixed Platforms
		AppStore|x86 = AppStore|x86
		Debug|Any CPU = Debug|Any CPU
		Debug|ARM = Debug|ARM
		Debug|iPhone = Debug|iPhone
		Debug|iPhoneSimulator = Debug|iPhoneSimulator
		Debug|Mixed Platforms = Debug|Mixed Platforms
		Debug|x86 = Debug|x86
		Release|Any CPU = Release|Any CPU
		Release|ARM = Release|ARM
		Release|iPhone = Release|iPhone
		Release|iPhoneSimulator = Release|iPhoneSimulator
		Release|Mixed Platforms = Release|Mixed Platforms
		Release|x86 = Release|x86
	EndGlobalSection
	GlobalSection(ProjectConfigurationPlatforms) = postSolution
		{BABF3522-0B26-4E9E-9CBC-40EE42495BA9}.Ad-Hoc|Any CPU.ActiveCfg = Release|Any CPU
		{BABF3522-0B26-4E9E-9CBC-40EE42495BA9}.Ad-Hoc|Any CPU.Build.0 = Release|Any CPU
		{BABF3522-0B26-4E9E-9CBC-40EE42495BA9}.Ad-Hoc|ARM.ActiveCfg = Release|Any CPU
		{BABF3522-0B26-4E9E-9CBC-40EE42495BA9}.Ad-Hoc|iPhone.ActiveCfg = Release|Any CPU
		{BABF3522-0B26-4E9E-9CBC-40EE42495BA9}.Ad-Hoc|iPhoneSimulator.ActiveCfg = Release|Any CPU
		{BABF3522-0B26-4E9E-9CBC-40EE42495BA9}.Ad-Hoc|Mixed Platforms.ActiveCfg = Release|Any CPU
		{BABF3522-0B26-4E9E-9CBC-40EE42495BA9}.Ad-Hoc|Mixed Platforms.Build.0 = Release|Any CPU
		{BABF3522-0B26-4E9E-9CBC-40EE42495BA9}.Ad-Hoc|x86.ActiveCfg = Release|Any CPU
		{BABF3522-0B26-4E9E-9CBC-40EE42495BA9}.AppStore|Any CPU.ActiveCfg = Release|Any CPU
		{BABF3522-0B26-4E9E-9CBC-40EE42495BA9}.AppStore|Any CPU.Build.0 = Release|Any CPU
		{BABF3522-0B26-4E9E-9CBC-40EE42495BA9}.AppStore|ARM.ActiveCfg = Release|Any CPU
		{BABF3522-0B26-4E9E-9CBC-40EE42495BA9}.AppStore|iPhone.ActiveCfg = Release|Any CPU
		{BABF3522-0B26-4E9E-9CBC-40EE42495BA9}.AppStore|iPhoneSimulator.ActiveCfg = Release|Any CPU
		{BABF3522-0B26-4E9E-9CBC-40EE42495BA9}.AppStore|Mixed Platforms.ActiveCfg = Release|Any CPU
		{BABF3522-0B26-4E9E-9CBC-40EE42495BA9}.AppStore|Mixed Platforms.Build.0 = Release|Any CPU
		{BABF3522-0B26-4E9E-9CBC-40EE42495BA9}.AppStore|x86.ActiveCfg = Release|Any CPU
		{BABF3522-0B26-4E9E-9CBC-40EE42495BA9}.Debug|Any CPU.ActiveCfg = Debug|Any CPU
		{BABF3522-0B26-4E9E-9CBC-40EE42495BA9}.Debug|Any CPU.Build.0 = Debug|Any CPU
		{BABF3522-0B26-4E9E-9CBC-40EE42495BA9}.Debug|ARM.ActiveCfg = Debug|Any CPU
		{BABF3522-0B26-4E9E-9CBC-40EE42495BA9}.Debug|iPhone.ActiveCfg = Debug|Any CPU
		{BABF3522-0B26-4E9E-9CBC-40EE42495BA9}.Debug|iPhoneSimulator.ActiveCfg = Debug|Any CPU
		{BABF3522-0B26-4E9E-9CBC-40EE42495BA9}.Debug|Mixed Platforms.ActiveCfg = Debug|Any CPU
		{BABF3522-0B26-4E9E-9CBC-40EE42495BA9}.Debug|Mixed Platforms.Build.0 = Debug|Any CPU
		{BABF3522-0B26-4E9E-9CBC-40EE42495BA9}.Debug|x86.ActiveCfg = Debug|Any CPU
		{BABF3522-0B26-4E9E-9CBC-40EE42495BA9}.Release|Any CPU.ActiveCfg = Release|Any CPU
		{BABF3522-0B26-4E9E-9CBC-40EE42495BA9}.Release|Any CPU.Build.0 = Release|Any CPU
		{BABF3522-0B26-4E9E-9CBC-40EE42495BA9}.Release|ARM.ActiveCfg = Release|Any CPU
		{BABF3522-0B26-4E9E-9CBC-40EE42495BA9}.Release|iPhone.ActiveCfg = Release|Any CPU
		{BABF3522-0B26-4E9E-9CBC-40EE42495BA9}.Release|iPhoneSimulator.ActiveCfg = Release|Any CPU
		{BABF3522-0B26-4E9E-9CBC-40EE42495BA9}.Release|Mixed Platforms.ActiveCfg = Release|Any CPU
		{BABF3522-0B26-4E9E-9CBC-40EE42495BA9}.Release|Mixed Platforms.Build.0 = Release|Any CPU
		{BABF3522-0B26-4E9E-9CBC-40EE42495BA9}.Release|x86.ActiveCfg = Release|Any CPU
		{B6A686E6-397D-4BE5-842B-65F1D0F7A59B}.Ad-Hoc|Any CPU.ActiveCfg = Ad-Hoc|iPhone
		{B6A686E6-397D-4BE5-842B-65F1D0F7A59B}.Ad-Hoc|ARM.ActiveCfg = Ad-Hoc|iPhone
		{B6A686E6-397D-4BE5-842B-65F1D0F7A59B}.Ad-Hoc|iPhone.ActiveCfg = Ad-Hoc|iPhone
		{B6A686E6-397D-4BE5-842B-65F1D0F7A59B}.Ad-Hoc|iPhone.Build.0 = Ad-Hoc|iPhone
		{B6A686E6-397D-4BE5-842B-65F1D0F7A59B}.Ad-Hoc|iPhoneSimulator.ActiveCfg = Ad-Hoc|iPhoneSimulator
		{B6A686E6-397D-4BE5-842B-65F1D0F7A59B}.Ad-Hoc|iPhoneSimulator.Build.0 = Ad-Hoc|iPhoneSimulator
		{B6A686E6-397D-4BE5-842B-65F1D0F7A59B}.Ad-Hoc|Mixed Platforms.ActiveCfg = Ad-Hoc|iPhone
		{B6A686E6-397D-4BE5-842B-65F1D0F7A59B}.Ad-Hoc|Mixed Platforms.Build.0 = Ad-Hoc|iPhone
		{B6A686E6-397D-4BE5-842B-65F1D0F7A59B}.Ad-Hoc|x86.ActiveCfg = Ad-Hoc|iPhone
		{B6A686E6-397D-4BE5-842B-65F1D0F7A59B}.AppStore|Any CPU.ActiveCfg = AppStore|iPhone
		{B6A686E6-397D-4BE5-842B-65F1D0F7A59B}.AppStore|ARM.ActiveCfg = AppStore|iPhone
		{B6A686E6-397D-4BE5-842B-65F1D0F7A59B}.AppStore|iPhone.ActiveCfg = AppStore|iPhone
		{B6A686E6-397D-4BE5-842B-65F1D0F7A59B}.AppStore|iPhone.Build.0 = AppStore|iPhone
		{B6A686E6-397D-4BE5-842B-65F1D0F7A59B}.AppStore|iPhoneSimulator.ActiveCfg = AppStore|iPhoneSimulator
		{B6A686E6-397D-4BE5-842B-65F1D0F7A59B}.AppStore|iPhoneSimulator.Build.0 = AppStore|iPhoneSimulator
		{B6A686E6-397D-4BE5-842B-65F1D0F7A59B}.AppStore|Mixed Platforms.ActiveCfg = AppStore|iPhone
		{B6A686E6-397D-4BE5-842B-65F1D0F7A59B}.AppStore|Mixed Platforms.Build.0 = AppStore|iPhone
		{B6A686E6-397D-4BE5-842B-65F1D0F7A59B}.AppStore|x86.ActiveCfg = AppStore|iPhone
		{B6A686E6-397D-4BE5-842B-65F1D0F7A59B}.Debug|Any CPU.ActiveCfg = Debug|iPhone
		{B6A686E6-397D-4BE5-842B-65F1D0F7A59B}.Debug|ARM.ActiveCfg = Debug|iPhone
		{B6A686E6-397D-4BE5-842B-65F1D0F7A59B}.Debug|iPhone.ActiveCfg = Debug|iPhone
		{B6A686E6-397D-4BE5-842B-65F1D0F7A59B}.Debug|iPhone.Build.0 = Debug|iPhone
		{B6A686E6-397D-4BE5-842B-65F1D0F7A59B}.Debug|iPhoneSimulator.ActiveCfg = Debug|iPhoneSimulator
		{B6A686E6-397D-4BE5-842B-65F1D0F7A59B}.Debug|iPhoneSimulator.Build.0 = Debug|iPhoneSimulator
		{B6A686E6-397D-4BE5-842B-65F1D0F7A59B}.Debug|Mixed Platforms.ActiveCfg = Debug|iPhone
		{B6A686E6-397D-4BE5-842B-65F1D0F7A59B}.Debug|Mixed Platforms.Build.0 = Debug|iPhone
		{B6A686E6-397D-4BE5-842B-65F1D0F7A59B}.Debug|x86.ActiveCfg = Debug|iPhone
		{B6A686E6-397D-4BE5-842B-65F1D0F7A59B}.Release|Any CPU.ActiveCfg = Release|iPhone
		{B6A686E6-397D-4BE5-842B-65F1D0F7A59B}.Release|ARM.ActiveCfg = Release|iPhone
		{B6A686E6-397D-4BE5-842B-65F1D0F7A59B}.Release|iPhone.ActiveCfg = Release|iPhone
		{B6A686E6-397D-4BE5-842B-65F1D0F7A59B}.Release|iPhone.Build.0 = Release|iPhone
		{B6A686E6-397D-4BE5-842B-65F1D0F7A59B}.Release|iPhoneSimulator.ActiveCfg = Release|iPhoneSimulator
		{B6A686E6-397D-4BE5-842B-65F1D0F7A59B}.Release|iPhoneSimulator.Build.0 = Release|iPhoneSimulator
		{B6A686E6-397D-4BE5-842B-65F1D0F7A59B}.Release|Mixed Platforms.ActiveCfg = Release|iPhone
		{B6A686E6-397D-4BE5-842B-65F1D0F7A59B}.Release|Mixed Platforms.Build.0 = Release|iPhone
		{B6A686E6-397D-4BE5-842B-65F1D0F7A59B}.Release|x86.ActiveCfg = Release|iPhone
		{FD44C45F-5B98-48C7-9662-3EBD78A7E139}.Ad-Hoc|Any CPU.ActiveCfg = Release|Any CPU
		{FD44C45F-5B98-48C7-9662-3EBD78A7E139}.Ad-Hoc|Any CPU.Build.0 = Release|Any CPU
		{FD44C45F-5B98-48C7-9662-3EBD78A7E139}.Ad-Hoc|Any CPU.Deploy.0 = Release|Any CPU
		{FD44C45F-5B98-48C7-9662-3EBD78A7E139}.Ad-Hoc|ARM.ActiveCfg = Release|Any CPU
		{FD44C45F-5B98-48C7-9662-3EBD78A7E139}.Ad-Hoc|iPhone.ActiveCfg = Release|Any CPU
		{FD44C45F-5B98-48C7-9662-3EBD78A7E139}.Ad-Hoc|iPhoneSimulator.ActiveCfg = Release|Any CPU
		{FD44C45F-5B98-48C7-9662-3EBD78A7E139}.Ad-Hoc|Mixed Platforms.ActiveCfg = Release|Any CPU
		{FD44C45F-5B98-48C7-9662-3EBD78A7E139}.Ad-Hoc|Mixed Platforms.Build.0 = Release|Any CPU
		{FD44C45F-5B98-48C7-9662-3EBD78A7E139}.Ad-Hoc|Mixed Platforms.Deploy.0 = Release|Any CPU
		{FD44C45F-5B98-48C7-9662-3EBD78A7E139}.Ad-Hoc|x86.ActiveCfg = Release|Any CPU
		{FD44C45F-5B98-48C7-9662-3EBD78A7E139}.AppStore|Any CPU.ActiveCfg = Release|Any CPU
		{FD44C45F-5B98-48C7-9662-3EBD78A7E139}.AppStore|Any CPU.Build.0 = Release|Any CPU
		{FD44C45F-5B98-48C7-9662-3EBD78A7E139}.AppStore|Any CPU.Deploy.0 = Release|Any CPU
		{FD44C45F-5B98-48C7-9662-3EBD78A7E139}.AppStore|ARM.ActiveCfg = Release|Any CPU
		{FD44C45F-5B98-48C7-9662-3EBD78A7E139}.AppStore|iPhone.ActiveCfg = Release|Any CPU
		{FD44C45F-5B98-48C7-9662-3EBD78A7E139}.AppStore|iPhoneSimulator.ActiveCfg = Release|Any CPU
		{FD44C45F-5B98-48C7-9662-3EBD78A7E139}.AppStore|Mixed Platforms.ActiveCfg = Release|Any CPU
		{FD44C45F-5B98-48C7-9662-3EBD78A7E139}.AppStore|Mixed Platforms.Build.0 = Release|Any CPU
		{FD44C45F-5B98-48C7-9662-3EBD78A7E139}.AppStore|Mixed Platforms.Deploy.0 = Release|Any CPU
		{FD44C45F-5B98-48C7-9662-3EBD78A7E139}.AppStore|x86.ActiveCfg = Release|Any CPU
		{FD44C45F-5B98-48C7-9662-3EBD78A7E139}.Debug|Any CPU.ActiveCfg = Debug|Any CPU
		{FD44C45F-5B98-48C7-9662-3EBD78A7E139}.Debug|Any CPU.Build.0 = Debug|Any CPU
		{FD44C45F-5B98-48C7-9662-3EBD78A7E139}.Debug|Any CPU.Deploy.0 = Debug|Any CPU
		{FD44C45F-5B98-48C7-9662-3EBD78A7E139}.Debug|ARM.ActiveCfg = Debug|Any CPU
		{FD44C45F-5B98-48C7-9662-3EBD78A7E139}.Debug|iPhone.ActiveCfg = Debug|Any CPU
		{FD44C45F-5B98-48C7-9662-3EBD78A7E139}.Debug|iPhoneSimulator.ActiveCfg = Debug|Any CPU
		{FD44C45F-5B98-48C7-9662-3EBD78A7E139}.Debug|Mixed Platforms.ActiveCfg = Debug|Any CPU
		{FD44C45F-5B98-48C7-9662-3EBD78A7E139}.Debug|Mixed Platforms.Build.0 = Debug|Any CPU
		{FD44C45F-5B98-48C7-9662-3EBD78A7E139}.Debug|Mixed Platforms.Deploy.0 = Debug|Any CPU
		{FD44C45F-5B98-48C7-9662-3EBD78A7E139}.Debug|x86.ActiveCfg = Debug|Any CPU
		{FD44C45F-5B98-48C7-9662-3EBD78A7E139}.Release|Any CPU.ActiveCfg = Release|Any CPU
		{FD44C45F-5B98-48C7-9662-3EBD78A7E139}.Release|Any CPU.Build.0 = Release|Any CPU
		{FD44C45F-5B98-48C7-9662-3EBD78A7E139}.Release|Any CPU.Deploy.0 = Release|Any CPU
		{FD44C45F-5B98-48C7-9662-3EBD78A7E139}.Release|ARM.ActiveCfg = Release|Any CPU
		{FD44C45F-5B98-48C7-9662-3EBD78A7E139}.Release|iPhone.ActiveCfg = Release|Any CPU
		{FD44C45F-5B98-48C7-9662-3EBD78A7E139}.Release|iPhoneSimulator.ActiveCfg = Release|Any CPU
		{FD44C45F-5B98-48C7-9662-3EBD78A7E139}.Release|Mixed Platforms.ActiveCfg = Release|Any CPU
		{FD44C45F-5B98-48C7-9662-3EBD78A7E139}.Release|Mixed Platforms.Build.0 = Release|Any CPU
		{FD44C45F-5B98-48C7-9662-3EBD78A7E139}.Release|Mixed Platforms.Deploy.0 = Release|Any CPU
		{FD44C45F-5B98-48C7-9662-3EBD78A7E139}.Release|x86.ActiveCfg = Release|Any CPU
		{EEEE2CBB-130C-4F46-B119-47C688A377F2}.Ad-Hoc|Any CPU.ActiveCfg = Release|Any CPU
		{EEEE2CBB-130C-4F46-B119-47C688A377F2}.Ad-Hoc|Any CPU.Build.0 = Release|Any CPU
		{EEEE2CBB-130C-4F46-B119-47C688A377F2}.Ad-Hoc|Any CPU.Deploy.0 = Release|Any CPU
		{EEEE2CBB-130C-4F46-B119-47C688A377F2}.Ad-Hoc|ARM.ActiveCfg = Release|ARM
		{EEEE2CBB-130C-4F46-B119-47C688A377F2}.Ad-Hoc|ARM.Build.0 = Release|ARM
		{EEEE2CBB-130C-4F46-B119-47C688A377F2}.Ad-Hoc|ARM.Deploy.0 = Release|ARM
		{EEEE2CBB-130C-4F46-B119-47C688A377F2}.Ad-Hoc|iPhone.ActiveCfg = Release|Any CPU
		{EEEE2CBB-130C-4F46-B119-47C688A377F2}.Ad-Hoc|iPhoneSimulator.ActiveCfg = Release|Any CPU
		{EEEE2CBB-130C-4F46-B119-47C688A377F2}.Ad-Hoc|Mixed Platforms.ActiveCfg = Release|x86
		{EEEE2CBB-130C-4F46-B119-47C688A377F2}.Ad-Hoc|Mixed Platforms.Build.0 = Release|x86
		{EEEE2CBB-130C-4F46-B119-47C688A377F2}.Ad-Hoc|Mixed Platforms.Deploy.0 = Release|x86
		{EEEE2CBB-130C-4F46-B119-47C688A377F2}.Ad-Hoc|x86.ActiveCfg = Release|x86
		{EEEE2CBB-130C-4F46-B119-47C688A377F2}.Ad-Hoc|x86.Build.0 = Release|x86
		{EEEE2CBB-130C-4F46-B119-47C688A377F2}.Ad-Hoc|x86.Deploy.0 = Release|x86
		{EEEE2CBB-130C-4F46-B119-47C688A377F2}.AppStore|Any CPU.ActiveCfg = Release|Any CPU
		{EEEE2CBB-130C-4F46-B119-47C688A377F2}.AppStore|Any CPU.Build.0 = Release|Any CPU
		{EEEE2CBB-130C-4F46-B119-47C688A377F2}.AppStore|Any CPU.Deploy.0 = Release|Any CPU
		{EEEE2CBB-130C-4F46-B119-47C688A377F2}.AppStore|ARM.ActiveCfg = Release|ARM
		{EEEE2CBB-130C-4F46-B119-47C688A377F2}.AppStore|ARM.Build.0 = Release|ARM
		{EEEE2CBB-130C-4F46-B119-47C688A377F2}.AppStore|ARM.Deploy.0 = Release|ARM
		{EEEE2CBB-130C-4F46-B119-47C688A377F2}.AppStore|iPhone.ActiveCfg = Release|Any CPU
		{EEEE2CBB-130C-4F46-B119-47C688A377F2}.AppStore|iPhoneSimulator.ActiveCfg = Release|Any CPU
		{EEEE2CBB-130C-4F46-B119-47C688A377F2}.AppStore|Mixed Platforms.ActiveCfg = Release|x86
		{EEEE2CBB-130C-4F46-B119-47C688A377F2}.AppStore|Mixed Platforms.Build.0 = Release|x86
		{EEEE2CBB-130C-4F46-B119-47C688A377F2}.AppStore|Mixed Platforms.Deploy.0 = Release|x86
		{EEEE2CBB-130C-4F46-B119-47C688A377F2}.AppStore|x86.ActiveCfg = Release|x86
		{EEEE2CBB-130C-4F46-B119-47C688A377F2}.AppStore|x86.Build.0 = Release|x86
		{EEEE2CBB-130C-4F46-B119-47C688A377F2}.AppStore|x86.Deploy.0 = Release|x86
		{EEEE2CBB-130C-4F46-B119-47C688A377F2}.Debug|Any CPU.ActiveCfg = Debug|Any CPU
		{EEEE2CBB-130C-4F46-B119-47C688A377F2}.Debug|Any CPU.Build.0 = Debug|Any CPU
		{EEEE2CBB-130C-4F46-B119-47C688A377F2}.Debug|Any CPU.Deploy.0 = Debug|Any CPU
		{EEEE2CBB-130C-4F46-B119-47C688A377F2}.Debug|ARM.ActiveCfg = Debug|ARM
		{EEEE2CBB-130C-4F46-B119-47C688A377F2}.Debug|ARM.Build.0 = Debug|ARM
		{EEEE2CBB-130C-4F46-B119-47C688A377F2}.Debug|ARM.Deploy.0 = Debug|ARM
		{EEEE2CBB-130C-4F46-B119-47C688A377F2}.Debug|iPhone.ActiveCfg = Debug|Any CPU
		{EEEE2CBB-130C-4F46-B119-47C688A377F2}.Debug|iPhoneSimulator.ActiveCfg = Debug|Any CPU
		{EEEE2CBB-130C-4F46-B119-47C688A377F2}.Debug|Mixed Platforms.ActiveCfg = Debug|x86
		{EEEE2CBB-130C-4F46-B119-47C688A377F2}.Debug|Mixed Platforms.Build.0 = Debug|x86
		{EEEE2CBB-130C-4F46-B119-47C688A377F2}.Debug|Mixed Platforms.Deploy.0 = Debug|x86
		{EEEE2CBB-130C-4F46-B119-47C688A377F2}.Debug|x86.ActiveCfg = Debug|x86
		{EEEE2CBB-130C-4F46-B119-47C688A377F2}.Debug|x86.Build.0 = Debug|x86
		{EEEE2CBB-130C-4F46-B119-47C688A377F2}.Debug|x86.Deploy.0 = Debug|x86
		{EEEE2CBB-130C-4F46-B119-47C688A377F2}.Release|Any CPU.ActiveCfg = Release|Any CPU
		{EEEE2CBB-130C-4F46-B119-47C688A377F2}.Release|Any CPU.Build.0 = Release|Any CPU
		{EEEE2CBB-130C-4F46-B119-47C688A377F2}.Release|Any CPU.Deploy.0 = Release|Any CPU
		{EEEE2CBB-130C-4F46-B119-47C688A377F2}.Release|ARM.ActiveCfg = Release|ARM
		{EEEE2CBB-130C-4F46-B119-47C688A377F2}.Release|ARM.Build.0 = Release|ARM
		{EEEE2CBB-130C-4F46-B119-47C688A377F2}.Release|ARM.Deploy.0 = Release|ARM
		{EEEE2CBB-130C-4F46-B119-47C688A377F2}.Release|iPhone.ActiveCfg = Release|Any CPU
		{EEEE2CBB-130C-4F46-B119-47C688A377F2}.Release|iPhoneSimulator.ActiveCfg = Release|Any CPU
		{EEEE2CBB-130C-4F46-B119-47C688A377F2}.Release|Mixed Platforms.ActiveCfg = Release|x86
		{EEEE2CBB-130C-4F46-B119-47C688A377F2}.Release|Mixed Platforms.Build.0 = Release|x86
		{EEEE2CBB-130C-4F46-B119-47C688A377F2}.Release|Mixed Platforms.Deploy.0 = Release|x86
		{EEEE2CBB-130C-4F46-B119-47C688A377F2}.Release|x86.ActiveCfg = Release|x86
		{EEEE2CBB-130C-4F46-B119-47C688A377F2}.Release|x86.Build.0 = Release|x86
		{EEEE2CBB-130C-4F46-B119-47C688A377F2}.Release|x86.Deploy.0 = Release|x86
	EndGlobalSection
	GlobalSection(SolutionProperties) = preSolution
		HideSolutionNode = FALSE
	EndGlobalSection
EndGlobal
